// !$*UTF8*$!
{
	archiveVersion = 1;
	classes = {
	};
	objectVersion = 77;
	objects = {

/* Begin PBXBuildFile section */
		09014F22B75CBE8AB24819DB /* MealPlanTests.swift in Sources */ = {isa = PBXBuildFile; fileRef = D4824435B5C410A67B11FAFB /* MealPlanTests.swift */; };
		25F54C3DA35B4A27C9724EE0 /* MealPlanDTOTests.swift in Sources */ = {isa = PBXBuildFile; fileRef = 53F24B0D9B5772D7EA053E5C /* MealPlanDTOTests.swift */; };
		4FF84FE8A8071851253C8C77 /* NotificationManagerTests.swift in Sources */ = {isa = PBXBuildFile; fileRef = 581C405097944EC09634F2E5 /* NotificationManagerTests.swift */; };
		50D0417BB5F37F247276A46B /* GroceryListTests.swift in Sources */ = {isa = PBXBuildFile; fileRef = 8BB241E199CEEAB1534FF0BE /* GroceryListTests.swift */; };
		670A44E6A7C4BA07815D52E5 /* DayTests.swift in Sources */ = {isa = PBXBuildFile; fileRef = A59143BBBA5B0603E37524A6 /* DayTests.swift */; };
		7B4E4323973F2859FA4A25DE /* MealTests.swift in Sources */ = {isa = PBXBuildFile; fileRef = C4FF4251BA57BC747FC8C2DE /* MealTests.swift */; };
		83B644CAB0520384B16DBBBD /* UserProfileTests.swift in Sources */ = {isa = PBXBuildFile; fileRef = 0F7A44E6A69C8E646B0342FB /* UserProfileTests.swift */; };
		8D614000A3E105DA58A89547 /* AppEnumsTests.swift in Sources */ = {isa = PBXBuildFile; fileRef = 781944E48CC6048F10719CC8 /* AppEnumsTests.swift */; };
		9AC248A698D3A718CED3FCB5 /* APIServiceTypesEncodingTests.swift in Sources */ = {isa = PBXBuildFile; fileRef = 559146CD8D84AF269E8122D5 /* APIServiceTypesEncodingTests.swift */; };
		B0804F8BAAD6F9592880D4DB /* SwiftDataPersistenceTests.swift in Sources */ = {isa = PBXBuildFile; fileRef = 9E38411B9A2ED8004402DD10 /* SwiftDataPersistenceTests.swift */; };
		CB944308AF61045664E27CBC /* NewOnboardingViewModelTests.swift in Sources */ = {isa = PBXBuildFile; fileRef = B3284D3FA81638023D7A6583 /* NewOnboardingViewModelTests.swift */; };
		CDC64EB188380CB1323742F9 /* TestHelpers.swift in Sources */ = {isa = PBXBuildFile; fileRef = 1396409598D459EA5D1676A9 /* TestHelpers.swift */; };
		CEBD4E2CAD8060E755416B7A /* MealPrepSetupViewModelTests.swift in Sources */ = {isa = PBXBuildFile; fileRef = 20D34791B38B1D14B9DDBD7C /* MealPrepSetupViewModelTests.swift */; };
		E0554BA7ABDBE7A288C1F4ED /* GroceryItemTests.swift in Sources */ = {isa = PBXBuildFile; fileRef = 3BFF4576A2D7A1A6E37BF78B /* GroceryItemTests.swift */; };
		E30640DD84167FD301754692 /* APIServiceTypesTests.swift in Sources */ = {isa = PBXBuildFile; fileRef = CE474DD796CA380767ED1296 /* APIServiceTypesTests.swift */; };
		EBFA4485A87AB7CA86BAC860 /* RecipeTests.swift in Sources */ = {isa = PBXBuildFile; fileRef = 0E3643439EC4066354323A1E /* RecipeTests.swift */; };
		EC0FEE592F23C61500159966 /* FirebaseAI in Frameworks */ = {isa = PBXBuildFile; productRef = EC0FEE582F23C61500159966 /* FirebaseAI */; };
		EC0FEE5B2F23C61500159966 /* FirebaseAILogic in Frameworks */ = {isa = PBXBuildFile; productRef = EC0FEE5A2F23C61500159966 /* FirebaseAILogic */; };
		EC0FEE5D2F23C61500159966 /* FirebaseAnalytics in Frameworks */ = {isa = PBXBuildFile; productRef = EC0FEE5C2F23C61500159966 /* FirebaseAnalytics */; };
		EC0FEE5F2F23C61500159966 /* FirebaseAnalyticsCore in Frameworks */ = {isa = PBXBuildFile; productRef = EC0FEE5E2F23C61500159966 /* FirebaseAnalyticsCore */; };
		EC0FEE612F23C61500159966 /* FirebaseAnalyticsIdentitySupport in Frameworks */ = {isa = PBXBuildFile; productRef = EC0FEE602F23C61500159966 /* FirebaseAnalyticsIdentitySupport */; };
		EC0FEE632F23C61500159966 /* FirebaseAuth in Frameworks */ = {isa = PBXBuildFile; productRef = EC0FEE622F23C61500159966 /* FirebaseAuth */; };
		EC0FEE652F23C61500159966 /* FirebaseCore in Frameworks */ = {isa = PBXBuildFile; productRef = EC0FEE642F23C61500159966 /* FirebaseCore */; };
		EC0FEE672F23C61500159966 /* FirebaseFirestore in Frameworks */ = {isa = PBXBuildFile; productRef = EC0FEE662F23C61500159966 /* FirebaseFirestore */; };
		EC0FEE692F23C61500159966 /* FirebaseAppCheck in Frameworks */ = {isa = PBXBuildFile; productRef = EC0FEE682F23C61500159966 /* FirebaseAppCheck */; };
		EC4D84402F2A93A400A91514 /* SuperwallKit in Frameworks */ = {isa = PBXBuildFile; productRef = EC4D843F2F2A93A400A91514 /* SuperwallKit */; };
/* End PBXBuildFile section */

/* Begin PBXContainerItemProxy section */
		EC90E6CF2F1C34A7004BE865 /* PBXContainerItemProxy */ = {
			isa = PBXContainerItemProxy;
			containerPortal = EC90E6B92F1C34A5004BE865 /* Project object */;
			proxyType = 1;
			remoteGlobalIDString = EC90E6C02F1C34A5004BE865;
			remoteInfo = MealPrepAI;
		};
		EC90E6D92F1C34A7004BE865 /* PBXContainerItemProxy */ = {
			isa = PBXContainerItemProxy;
			containerPortal = EC90E6B92F1C34A5004BE865 /* Project object */;
			proxyType = 1;
			remoteGlobalIDString = EC90E6C02F1C34A5004BE865;
			remoteInfo = MealPrepAI;
		};
/* End PBXContainerItemProxy section */

/* Begin PBXFileReference section */
		0E3643439EC4066354323A1E /* RecipeTests.swift */ = {isa = PBXFileReference; lastKnownFileType = sourcecode.swift; name = RecipeTests.swift; path = MealPrepAITests/RecipeTests.swift; sourceTree = SOURCE_ROOT; };
		0F7A44E6A69C8E646B0342FB /* UserProfileTests.swift */ = {isa = PBXFileReference; lastKnownFileType = sourcecode.swift; name = UserProfileTests.swift; path = MealPrepAITests/UserProfileTests.swift; sourceTree = SOURCE_ROOT; };
		1396409598D459EA5D1676A9 /* TestHelpers.swift */ = {isa = PBXFileReference; lastKnownFileType = sourcecode.swift; name = TestHelpers.swift; path = MealPrepAITests/TestHelpers.swift; sourceTree = SOURCE_ROOT; };
		20D34791B38B1D14B9DDBD7C /* MealPrepSetupViewModelTests.swift */ = {isa = PBXFileReference; lastKnownFileType = sourcecode.swift; name = MealPrepSetupViewModelTests.swift; path = MealPrepAITests/MealPrepSetupViewModelTests.swift; sourceTree = SOURCE_ROOT; };
		3BFF4576A2D7A1A6E37BF78B /* GroceryItemTests.swift */ = {isa = PBXFileReference; lastKnownFileType = sourcecode.swift; name = GroceryItemTests.swift; path = MealPrepAITests/GroceryItemTests.swift; sourceTree = SOURCE_ROOT; };
		53F24B0D9B5772D7EA053E5C /* MealPlanDTOTests.swift */ = {isa = PBXFileReference; lastKnownFileType = sourcecode.swift; name = MealPlanDTOTests.swift; path = MealPrepAITests/MealPlanDTOTests.swift; sourceTree = SOURCE_ROOT; };
		559146CD8D84AF269E8122D5 /* APIServiceTypesEncodingTests.swift */ = {isa = PBXFileReference; lastKnownFileType = sourcecode.swift; name = APIServiceTypesEncodingTests.swift; path = MealPrepAITests/APIServiceTypesEncodingTests.swift; sourceTree = SOURCE_ROOT; };
		581C405097944EC09634F2E5 /* NotificationManagerTests.swift */ = {isa = PBXFileReference; lastKnownFileType = sourcecode.swift; name = NotificationManagerTests.swift; path = MealPrepAITests/NotificationManagerTests.swift; sourceTree = SOURCE_ROOT; };
		781944E48CC6048F10719CC8 /* AppEnumsTests.swift */ = {isa = PBXFileReference; lastKnownFileType = sourcecode.swift; name = AppEnumsTests.swift; path = MealPrepAITests/AppEnumsTests.swift; sourceTree = SOURCE_ROOT; };
		8BB241E199CEEAB1534FF0BE /* GroceryListTests.swift */ = {isa = PBXFileReference; lastKnownFileType = sourcecode.swift; name = GroceryListTests.swift; path = MealPrepAITests/GroceryListTests.swift; sourceTree = SOURCE_ROOT; };
		9E38411B9A2ED8004402DD10 /* SwiftDataPersistenceTests.swift */ = {isa = PBXFileReference; lastKnownFileType = sourcecode.swift; name = SwiftDataPersistenceTests.swift; path = MealPrepAITests/SwiftDataPersistenceTests.swift; sourceTree = SOURCE_ROOT; };
		A59143BBBA5B0603E37524A6 /* DayTests.swift */ = {isa = PBXFileReference; lastKnownFileType = sourcecode.swift; name = DayTests.swift; path = MealPrepAITests/DayTests.swift; sourceTree = SOURCE_ROOT; };
		B3284D3FA81638023D7A6583 /* NewOnboardingViewModelTests.swift */ = {isa = PBXFileReference; lastKnownFileType = sourcecode.swift; name = NewOnboardingViewModelTests.swift; path = MealPrepAITests/NewOnboardingViewModelTests.swift; sourceTree = SOURCE_ROOT; };
		C4FF4251BA57BC747FC8C2DE /* MealTests.swift */ = {isa = PBXFileReference; lastKnownFileType = sourcecode.swift; name = MealTests.swift; path = MealPrepAITests/MealTests.swift; sourceTree = SOURCE_ROOT; };
		CE474DD796CA380767ED1296 /* APIServiceTypesTests.swift */ = {isa = PBXFileReference; lastKnownFileType = sourcecode.swift; name = APIServiceTypesTests.swift; path = MealPrepAITests/APIServiceTypesTests.swift; sourceTree = SOURCE_ROOT; };
		D4824435B5C410A67B11FAFB /* MealPlanTests.swift */ = {isa = PBXFileReference; lastKnownFileType = sourcecode.swift; name = MealPlanTests.swift; path = MealPrepAITests/MealPlanTests.swift; sourceTree = SOURCE_ROOT; };
		EC90E6C12F1C34A5004BE865 /* MealPrepAI.app */ = {isa = PBXFileReference; explicitFileType = wrapper.application; includeInIndex = 0; path = MealPrepAI.app; sourceTree = BUILT_PRODUCTS_DIR; };
		EC90E6CE2F1C34A7004BE865 /* MealPrepAITests.xctest */ = {isa = PBXFileReference; explicitFileType = wrapper.cfbundle; includeInIndex = 0; path = MealPrepAITests.xctest; sourceTree = BUILT_PRODUCTS_DIR; };
		EC90E6D82F1C34A7004BE865 /* MealPrepAIUITests.xctest */ = {isa = PBXFileReference; explicitFileType = wrapper.cfbundle; includeInIndex = 0; path = MealPrepAIUITests.xctest; sourceTree = BUILT_PRODUCTS_DIR; };
/* End PBXFileReference section */

/* Begin PBXFileSystemSynchronizedRootGroup section */
		EC90E6C32F1C34A5004BE865 /* MealPrepAI */ = {
			isa = PBXFileSystemSynchronizedRootGroup;
			path = MealPrepAI;
			sourceTree = "<group>";
		};
		EC90E6D12F1C34A7004BE865 /* MealPrepAITests */ = {
			isa = PBXFileSystemSynchronizedRootGroup;
			path = MealPrepAITests;
			sourceTree = "<group>";
		};
		EC90E6DB2F1C34A7004BE865 /* MealPrepAIUITests */ = {
			isa = PBXFileSystemSynchronizedRootGroup;
			path = MealPrepAIUITests;
			sourceTree = "<group>";
		};
/* End PBXFileSystemSynchronizedRootGroup section */

/* Begin PBXFrameworksBuildPhase section */
		EC90E6BE2F1C34A5004BE865 /* Frameworks */ = {
			isa = PBXFrameworksBuildPhase;
			buildActionMask = 2147483647;
			files = (
				EC0FEE5B2F23C61500159966 /* FirebaseAILogic in Frameworks */,
				EC0FEE612F23C61500159966 /* FirebaseAnalyticsIdentitySupport in Frameworks */,
				EC0FEE592F23C61500159966 /* FirebaseAI in Frameworks */,
				EC4D84402F2A93A400A91514 /* SuperwallKit in Frameworks */,
				EC0FEE5D2F23C61500159966 /* FirebaseAnalytics in Frameworks */,
				EC0FEE5F2F23C61500159966 /* FirebaseAnalyticsCore in Frameworks */,
				EC0FEE632F23C61500159966 /* FirebaseAuth in Frameworks */,
				EC0FEE652F23C61500159966 /* FirebaseCore in Frameworks */,
				EC0FEE672F23C61500159966 /* FirebaseFirestore in Frameworks */,
				EC0FEE692F23C61500159966 /* FirebaseAppCheck in Frameworks */,
			);
			runOnlyForDeploymentPostprocessing = 0;
		};
		EC90E6CB2F1C34A7004BE865 /* Frameworks */ = {
			isa = PBXFrameworksBuildPhase;
			buildActionMask = 2147483647;
			files = (
			);
			runOnlyForDeploymentPostprocessing = 0;
		};
		EC90E6D52F1C34A7004BE865 /* Frameworks */ = {
			isa = PBXFrameworksBuildPhase;
			buildActionMask = 2147483647;
			files = (
			);
			runOnlyForDeploymentPostprocessing = 0;
		};
/* End PBXFrameworksBuildPhase section */

/* Begin PBXGroup section */
		EC90E6B82F1C34A5004BE865 = {
			isa = PBXGroup;
			children = (
				EC90E6C32F1C34A5004BE865 /* MealPrepAI */,
				EC90E6D12F1C34A7004BE865 /* MealPrepAITests */,
				EC90E6DB2F1C34A7004BE865 /* MealPrepAIUITests */,
				EC90E6C22F1C34A5004BE865 /* Products */,
				1396409598D459EA5D1676A9 /* TestHelpers.swift */,
				0E3643439EC4066354323A1E /* RecipeTests.swift */,
				A59143BBBA5B0603E37524A6 /* DayTests.swift */,
				D4824435B5C410A67B11FAFB /* MealPlanTests.swift */,
				C4FF4251BA57BC747FC8C2DE /* MealTests.swift */,
				8BB241E199CEEAB1534FF0BE /* GroceryListTests.swift */,
				3BFF4576A2D7A1A6E37BF78B /* GroceryItemTests.swift */,
				0F7A44E6A69C8E646B0342FB /* UserProfileTests.swift */,
				781944E48CC6048F10719CC8 /* AppEnumsTests.swift */,
				53F24B0D9B5772D7EA053E5C /* MealPlanDTOTests.swift */,
				CE474DD796CA380767ED1296 /* APIServiceTypesTests.swift */,
				B3284D3FA81638023D7A6583 /* NewOnboardingViewModelTests.swift */,
				20D34791B38B1D14B9DDBD7C /* MealPrepSetupViewModelTests.swift */,
				581C405097944EC09634F2E5 /* NotificationManagerTests.swift */,
				559146CD8D84AF269E8122D5 /* APIServiceTypesEncodingTests.swift */,
				9E38411B9A2ED8004402DD10 /* SwiftDataPersistenceTests.swift */,
			);
			sourceTree = "<group>";
		};
		EC90E6C22F1C34A5004BE865 /* Products */ = {
			isa = PBXGroup;
			children = (
				EC90E6C12F1C34A5004BE865 /* MealPrepAI.app */,
				EC90E6CE2F1C34A7004BE865 /* MealPrepAITests.xctest */,
				EC90E6D82F1C34A7004BE865 /* MealPrepAIUITests.xctest */,
			);
			name = Products;
			sourceTree = "<group>";
		};
/* End PBXGroup section */

/* Begin PBXNativeTarget section */
		EC90E6C02F1C34A5004BE865 /* MealPrepAI */ = {
			isa = PBXNativeTarget;
			buildConfigurationList = EC90E6E22F1C34A7004BE865 /* Build configuration list for PBXNativeTarget "MealPrepAI" */;
			buildPhases = (
				EC90E6BD2F1C34A5004BE865 /* Sources */,
				EC90E6BE2F1C34A5004BE865 /* Frameworks */,
				EC90E6BF2F1C34A5004BE865 /* Resources */,
			);
			buildRules = (
			);
			dependencies = (
			);
			fileSystemSynchronizedGroups = (
				EC90E6C32F1C34A5004BE865 /* MealPrepAI */,
			);
			name = MealPrepAI;
			packageProductDependencies = (
				EC0FEE582F23C61500159966 /* FirebaseAI */,
				EC0FEE5A2F23C61500159966 /* FirebaseAILogic */,
				EC0FEE5C2F23C61500159966 /* FirebaseAnalytics */,
				EC0FEE5E2F23C61500159966 /* FirebaseAnalyticsCore */,
				EC0FEE602F23C61500159966 /* FirebaseAnalyticsIdentitySupport */,
				EC0FEE622F23C61500159966 /* FirebaseAuth */,
				EC0FEE642F23C61500159966 /* FirebaseCore */,
				EC0FEE662F23C61500159966 /* FirebaseFirestore */,
				EC0FEE682F23C61500159966 /* FirebaseAppCheck */,
				EC4D843F2F2A93A400A91514 /* SuperwallKit */,
			);
			productName = MealPrepAI;
			productReference = EC90E6C12F1C34A5004BE865 /* MealPrepAI.app */;
			productType = "com.apple.product-type.application";
		};
		EC90E6CD2F1C34A7004BE865 /* MealPrepAITests */ = {
			isa = PBXNativeTarget;
			buildConfigurationList = EC90E6E52F1C34A7004BE865 /* Build configuration list for PBXNativeTarget "MealPrepAITests" */;
			buildPhases = (
				EC90E6CA2F1C34A7004BE865 /* Sources */,
				EC90E6CB2F1C34A7004BE865 /* Frameworks */,
				EC90E6CC2F1C34A7004BE865 /* Resources */,
			);
			buildRules = (
			);
			dependencies = (
				EC90E6D02F1C34A7004BE865 /* PBXTargetDependency */,
			);
			fileSystemSynchronizedGroups = (
				EC90E6D12F1C34A7004BE865 /* MealPrepAITests */,
			);
			name = MealPrepAITests;
			packageProductDependencies = (
			);
			productName = MealPrepAITests;
			productReference = EC90E6CE2F1C34A7004BE865 /* MealPrepAITests.xctest */;
			productType = "com.apple.product-type.bundle.unit-test";
		};
		EC90E6D72F1C34A7004BE865 /* MealPrepAIUITests */ = {
			isa = PBXNativeTarget;
			buildConfigurationList = EC90E6E82F1C34A7004BE865 /* Build configuration list for PBXNativeTarget "MealPrepAIUITests" */;
			buildPhases = (
				EC90E6D42F1C34A7004BE865 /* Sources */,
				EC90E6D52F1C34A7004BE865 /* Frameworks */,
				EC90E6D62F1C34A7004BE865 /* Resources */,
			);
			buildRules = (
			);
			dependencies = (
				EC90E6DA2F1C34A7004BE865 /* PBXTargetDependency */,
			);
			fileSystemSynchronizedGroups = (
				EC90E6DB2F1C34A7004BE865 /* MealPrepAIUITests */,
			);
			name = MealPrepAIUITests;
			packageProductDependencies = (
			);
			productName = MealPrepAIUITests;
			productReference = EC90E6D82F1C34A7004BE865 /* MealPrepAIUITests.xctest */;
			productType = "com.apple.product-type.bundle.ui-testing";
		};
/* End PBXNativeTarget section */

/* Begin PBXProject section */
		EC90E6B92F1C34A5004BE865 /* Project object */ = {
			isa = PBXProject;
			attributes = {
				BuildIndependentTargetsInParallel = 1;
				LastSwiftUpdateCheck = 2600;
				LastUpgradeCheck = 2600;
				TargetAttributes = {
					EC90E6C02F1C34A5004BE865 = {
						CreatedOnToolsVersion = 26.0.1;
					};
					EC90E6CD2F1C34A7004BE865 = {
						CreatedOnToolsVersion = 26.0.1;
						TestTargetID = EC90E6C02F1C34A5004BE865;
					};
					EC90E6D72F1C34A7004BE865 = {
						CreatedOnToolsVersion = 26.0.1;
						TestTargetID = EC90E6C02F1C34A5004BE865;
					};
				};
			};
			buildConfigurationList = EC90E6BC2F1C34A5004BE865 /* Build configuration list for PBXProject "MealPrepAI" */;
			developmentRegion = en;
			hasScannedForEncodings = 0;
			knownRegions = (
				en,
				Base,
			);
			mainGroup = EC90E6B82F1C34A5004BE865;
			minimizedProjectReferenceProxies = 1;
			packageReferences = (
				EC0FEE572F23C61500159966 /* XCRemoteSwiftPackageReference "firebase-ios-sdk" */,
				EC4D843E2F2A93A400A91514 /* XCRemoteSwiftPackageReference "Superwall-iOS" */,
			);
			preferredProjectObjectVersion = 77;
			productRefGroup = EC90E6C22F1C34A5004BE865 /* Products */;
			projectDirPath = "";
			projectRoot = "";
			targets = (
				EC90E6C02F1C34A5004BE865 /* MealPrepAI */,
				EC90E6CD2F1C34A7004BE865 /* MealPrepAITests */,
				EC90E6D72F1C34A7004BE865 /* MealPrepAIUITests */,
			);
		};
/* End PBXProject section */

/* Begin PBXResourcesBuildPhase section */
		EC90E6BF2F1C34A5004BE865 /* Resources */ = {
			isa = PBXResourcesBuildPhase;
			buildActionMask = 2147483647;
			files = (
			);
			runOnlyForDeploymentPostprocessing = 0;
		};
		EC90E6CC2F1C34A7004BE865 /* Resources */ = {
			isa = PBXResourcesBuildPhase;
			buildActionMask = 2147483647;
			files = (
			);
			runOnlyForDeploymentPostprocessing = 0;
		};
		EC90E6D62F1C34A7004BE865 /* Resources */ = {
			isa = PBXResourcesBuildPhase;
			buildActionMask = 2147483647;
			files = (
			);
			runOnlyForDeploymentPostprocessing = 0;
		};
/* End PBXResourcesBuildPhase section */

/* Begin PBXSourcesBuildPhase section */
		EC90E6BD2F1C34A5004BE865 /* Sources */ = {
			isa = PBXSourcesBuildPhase;
			buildActionMask = 2147483647;
			files = (
			);
			runOnlyForDeploymentPostprocessing = 0;
		};
		EC90E6CA2F1C34A7004BE865 /* Sources */ = {
			isa = PBXSourcesBuildPhase;
			buildActionMask = 2147483647;
			files = (
				CDC64EB188380CB1323742F9 /* TestHelpers.swift in Sources */,
				EBFA4485A87AB7CA86BAC860 /* RecipeTests.swift in Sources */,
				670A44E6A7C4BA07815D52E5 /* DayTests.swift in Sources */,
				09014F22B75CBE8AB24819DB /* MealPlanTests.swift in Sources */,
				7B4E4323973F2859FA4A25DE /* MealTests.swift in Sources */,
				50D0417BB5F37F247276A46B /* GroceryListTests.swift in Sources */,
				E0554BA7ABDBE7A288C1F4ED /* GroceryItemTests.swift in Sources */,
				83B644CAB0520384B16DBBBD /* UserProfileTests.swift in Sources */,
				8D614000A3E105DA58A89547 /* AppEnumsTests.swift in Sources */,
				25F54C3DA35B4A27C9724EE0 /* MealPlanDTOTests.swift in Sources */,
				E30640DD84167FD301754692 /* APIServiceTypesTests.swift in Sources */,
				CB944308AF61045664E27CBC /* NewOnboardingViewModelTests.swift in Sources */,
				CEBD4E2CAD8060E755416B7A /* MealPrepSetupViewModelTests.swift in Sources */,
				4FF84FE8A8071851253C8C77 /* NotificationManagerTests.swift in Sources */,
				9AC248A698D3A718CED3FCB5 /* APIServiceTypesEncodingTests.swift in Sources */,
				B0804F8BAAD6F9592880D4DB /* SwiftDataPersistenceTests.swift in Sources */,
			);
			runOnlyForDeploymentPostprocessing = 0;
		};
		EC90E6D42F1C34A7004BE865 /* Sources */ = {
			isa = PBXSourcesBuildPhase;
			buildActionMask = 2147483647;
			files = (
			);
			runOnlyForDeploymentPostprocessing = 0;
		};
/* End PBXSourcesBuildPhase section */

/* Begin PBXTargetDependency section */
		EC90E6D02F1C34A7004BE865 /* PBXTargetDependency */ = {
			isa = PBXTargetDependency;
			target = EC90E6C02F1C34A5004BE865 /* MealPrepAI */;
			targetProxy = EC90E6CF2F1C34A7004BE865 /* PBXContainerItemProxy */;
		};
		EC90E6DA2F1C34A7004BE865 /* PBXTargetDependency */ = {
			isa = PBXTargetDependency;
			target = EC90E6C02F1C34A5004BE865 /* MealPrepAI */;
			targetProxy = EC90E6D92F1C34A7004BE865 /* PBXContainerItemProxy */;
		};
/* End PBXTargetDependency section */

/* Begin XCBuildConfiguration section */
		EC90E6E02F1C34A7004BE865 /* Debug */ = {
			isa = XCBuildConfiguration;
			buildSettings = {
				ALWAYS_SEARCH_USER_PATHS = NO;
				ASSETCATALOG_COMPILER_GENERATE_SWIFT_ASSET_SYMBOL_EXTENSIONS = YES;
				CLANG_ANALYZER_NONNULL = YES;
				CLANG_ANALYZER_NUMBER_OBJECT_CONVERSION = YES_AGGRESSIVE;
				CLANG_CXX_LANGUAGE_STANDARD = "gnu++20";
				CLANG_ENABLE_MODULES = YES;
				CLANG_ENABLE_OBJC_ARC = YES;
				CLANG_ENABLE_OBJC_WEAK = YES;
				CLANG_WARN_BLOCK_CAPTURE_AUTORELEASING = YES;
				CLANG_WARN_BOOL_CONVERSION = YES;
				CLANG_WARN_COMMA = YES;
				CLANG_WARN_CONSTANT_CONVERSION = YES;
				CLANG_WARN_DEPRECATED_OBJC_IMPLEMENTATIONS = YES;
				CLANG_WARN_DIRECT_OBJC_ISA_USAGE = YES_ERROR;
				CLANG_WARN_DOCUMENTATION_COMMENTS = YES;
				CLANG_WARN_EMPTY_BODY = YES;
				CLANG_WARN_ENUM_CONVERSION = YES;
				CLANG_WARN_INFINITE_RECURSION = YES;
				CLANG_WARN_INT_CONVERSION = YES;
				CLANG_WARN_NON_LITERAL_NULL_CONVERSION = YES;
				CLANG_WARN_OBJC_IMPLICIT_RETAIN_SELF = YES;
				CLANG_WARN_OBJC_LITERAL_CONVERSION = YES;
				CLANG_WARN_OBJC_ROOT_CLASS = YES_ERROR;
				CLANG_WARN_QUOTED_INCLUDE_IN_FRAMEWORK_HEADER = YES;
				CLANG_WARN_RANGE_LOOP_ANALYSIS = YES;
				CLANG_WARN_STRICT_PROTOTYPES = YES;
				CLANG_WARN_SUSPICIOUS_MOVE = YES;
				CLANG_WARN_UNGUARDED_AVAILABILITY = YES_AGGRESSIVE;
				CLANG_WARN_UNREACHABLE_CODE = YES;
				CLANG_WARN__DUPLICATE_METHOD_MATCH = YES;
				COPY_PHASE_STRIP = NO;
				DEBUG_INFORMATION_FORMAT = dwarf;
				DEVELOPMENT_TEAM = PH3V9JYRDW;
				ENABLE_STRICT_OBJC_MSGSEND = YES;
				ENABLE_TESTABILITY = YES;
				ENABLE_USER_SCRIPT_SANDBOXING = YES;
				GCC_C_LANGUAGE_STANDARD = gnu17;
				GCC_DYNAMIC_NO_PIC = NO;
				GCC_NO_COMMON_BLOCKS = YES;
				GCC_OPTIMIZATION_LEVEL = 0;
				GCC_PREPROCESSOR_DEFINITIONS = (
					"DEBUG=1",
					"$(inherited)",
				);
				GCC_WARN_64_TO_32_BIT_CONVERSION = YES;
				GCC_WARN_ABOUT_RETURN_TYPE = YES_ERROR;
				GCC_WARN_UNDECLARED_SELECTOR = YES;
				GCC_WARN_UNINITIALIZED_AUTOS = YES_AGGRESSIVE;
				GCC_WARN_UNUSED_FUNCTION = YES;
				GCC_WARN_UNUSED_VARIABLE = YES;
				IPHONEOS_DEPLOYMENT_TARGET = 26.0;
				LOCALIZATION_PREFERS_STRING_CATALOGS = YES;
				MTL_ENABLE_DEBUG_INFO = INCLUDE_SOURCE;
				MTL_FAST_MATH = YES;
				ONLY_ACTIVE_ARCH = YES;
				SDKROOT = iphoneos;
				SWIFT_ACTIVE_COMPILATION_CONDITIONS = "DEBUG $(inherited)";
				SWIFT_OPTIMIZATION_LEVEL = "-Onone";
			};
			name = Debug;
		};
		EC90E6E12F1C34A7004BE865 /* Release */ = {
			isa = XCBuildConfiguration;
			buildSettings = {
				ALWAYS_SEARCH_USER_PATHS = NO;
				ASSETCATALOG_COMPILER_GENERATE_SWIFT_ASSET_SYMBOL_EXTENSIONS = YES;
				CLANG_ANALYZER_NONNULL = YES;
				CLANG_ANALYZER_NUMBER_OBJECT_CONVERSION = YES_AGGRESSIVE;
				CLANG_CXX_LANGUAGE_STANDARD = "gnu++20";
				CLANG_ENABLE_MODULES = YES;
				CLANG_ENABLE_OBJC_ARC = YES;
				CLANG_ENABLE_OBJC_WEAK = YES;
				CLANG_WARN_BLOCK_CAPTURE_AUTORELEASING = YES;
				CLANG_WARN_BOOL_CONVERSION = YES;
				CLANG_WARN_COMMA = YES;
				CLANG_WARN_CONSTANT_CONVERSION = YES;
				CLANG_WARN_DEPRECATED_OBJC_IMPLEMENTATIONS = YES;
				CLANG_WARN_DIRECT_OBJC_ISA_USAGE = YES_ERROR;
				CLANG_WARN_DOCUMENTATION_COMMENTS = YES;
				CLANG_WARN_EMPTY_BODY = YES;
				CLANG_WARN_ENUM_CONVERSION = YES;
				CLANG_WARN_INFINITE_RECURSION = YES;
				CLANG_WARN_INT_CONVERSION = YES;
				CLANG_WARN_NON_LITERAL_NULL_CONVERSION = YES;
				CLANG_WARN_OBJC_IMPLICIT_RETAIN_SELF = YES;
				CLANG_WARN_OBJC_LITERAL_CONVERSION = YES;
				CLANG_WARN_OBJC_ROOT_CLASS = YES_ERROR;
				CLANG_WARN_QUOTED_INCLUDE_IN_FRAMEWORK_HEADER = YES;
				CLANG_WARN_RANGE_LOOP_ANALYSIS = YES;
				CLANG_WARN_STRICT_PROTOTYPES = YES;
				CLANG_WARN_SUSPICIOUS_MOVE = YES;
				CLANG_WARN_UNGUARDED_AVAILABILITY = YES_AGGRESSIVE;
				CLANG_WARN_UNREACHABLE_CODE = YES;
				CLANG_WARN__DUPLICATE_METHOD_MATCH = YES;
				COPY_PHASE_STRIP = NO;
				DEBUG_INFORMATION_FORMAT = "dwarf-with-dsym";
				DEVELOPMENT_TEAM = PH3V9JYRDW;
				ENABLE_NS_ASSERTIONS = NO;
				ENABLE_STRICT_OBJC_MSGSEND = YES;
				ENABLE_USER_SCRIPT_SANDBOXING = YES;
				GCC_C_LANGUAGE_STANDARD = gnu17;
				GCC_NO_COMMON_BLOCKS = YES;
				GCC_WARN_64_TO_32_BIT_CONVERSION = YES;
				GCC_WARN_ABOUT_RETURN_TYPE = YES_ERROR;
				GCC_WARN_UNDECLARED_SELECTOR = YES;
				GCC_WARN_UNINITIALIZED_AUTOS = YES_AGGRESSIVE;
				GCC_WARN_UNUSED_FUNCTION = YES;
				GCC_WARN_UNUSED_VARIABLE = YES;
				IPHONEOS_DEPLOYMENT_TARGET = 26.0;
				LOCALIZATION_PREFERS_STRING_CATALOGS = YES;
				MTL_ENABLE_DEBUG_INFO = NO;
				MTL_FAST_MATH = YES;
				SDKROOT = iphoneos;
				SWIFT_COMPILATION_MODE = wholemodule;
				VALIDATE_PRODUCT = YES;
			};
			name = Release;
		};
		EC90E6E32F1C34A7004BE865 /* Debug */ = {
			isa = XCBuildConfiguration;
			buildSettings = {
				ASSETCATALOG_COMPILER_APPICON_NAME = AppIcon;
				ASSETCATALOG_COMPILER_GLOBAL_ACCENT_COLOR_NAME = AccentColor;
				CODE_SIGN_ENTITLEMENTS = MealPrepAI/MealPrepAI.entitlements;
				CODE_SIGN_STYLE = Automatic;
				CURRENT_PROJECT_VERSION = 1;
				DEVELOPMENT_TEAM = PH3V9JYRDW;
				ENABLE_PREVIEWS = YES;
				GENERATE_INFOPLIST_FILE = YES;
				INFOPLIST_KEY_LSApplicationCategoryType = "public.app-category.food-and-drink";
				INFOPLIST_KEY_NSHealthShareUsageDescription = "MealPrepAI reads your weight and activity data to personalize your nutrition goals and track your progress.";
				INFOPLIST_KEY_NSHealthUpdateUsageDescription = "MealPrepAI logs your meal nutrition to Apple Health when you mark meals as eaten, helping you track your daily intake.";
				INFOPLIST_KEY_UIApplicationSceneManifest_Generation = YES;
				INFOPLIST_KEY_UIApplicationSupportsIndirectInputEvents = YES;
				INFOPLIST_KEY_UIBackgroundModes = "remote-notification";
				INFOPLIST_KEY_UILaunchScreen_Generation = YES;
				INFOPLIST_KEY_UISupportedInterfaceOrientations_iPad = "UIInterfaceOrientationPortrait UIInterfaceOrientationPortraitUpsideDown UIInterfaceOrientationLandscapeLeft UIInterfaceOrientationLandscapeRight";
				INFOPLIST_KEY_UISupportedInterfaceOrientations_iPhone = "UIInterfaceOrientationPortrait UIInterfaceOrientationLandscapeLeft UIInterfaceOrientationLandscapeRight";
				LD_RUNPATH_SEARCH_PATHS = (
					"$(inherited)",
					"@executable_path/Frameworks",
				);
				MARKETING_VERSION = 1.0;
				PRODUCT_BUNDLE_IDENTIFIER = "ic-servis.com.MealPrepAI";
				PRODUCT_NAME = "$(TARGET_NAME)";
				STRING_CATALOG_GENERATE_SYMBOLS = YES;
				SWIFT_EMIT_LOC_STRINGS = YES;
				SWIFT_VERSION = 5.0;
				TARGETED_DEVICE_FAMILY = "1,2";
			};
			name = Debug;
		};
		EC90E6E42F1C34A7004BE865 /* Release */ = {
			isa = XCBuildConfiguration;
			buildSettings = {
				ASSETCATALOG_COMPILER_APPICON_NAME = AppIcon;
				ASSETCATALOG_COMPILER_GLOBAL_ACCENT_COLOR_NAME = AccentColor;
				CODE_SIGN_ENTITLEMENTS = MealPrepAI/MealPrepAI.entitlements;
				CODE_SIGN_STYLE = Automatic;
				CURRENT_PROJECT_VERSION = 1;
				DEVELOPMENT_TEAM = PH3V9JYRDW;
				ENABLE_PREVIEWS = YES;
				GENERATE_INFOPLIST_FILE = YES;
				INFOPLIST_KEY_LSApplicationCategoryType = "public.app-category.food-and-drink";
				INFOPLIST_KEY_NSHealthShareUsageDescription = "MealPrepAI reads your weight and activity data to personalize your nutrition goals and track your progress.";
				INFOPLIST_KEY_NSHealthUpdateUsageDescription = "MealPrepAI logs your meal nutrition to Apple Health when you mark meals as eaten, helping you track your daily intake.";
				INFOPLIST_KEY_UIApplicationSceneManifest_Generation = YES;
				INFOPLIST_KEY_UIApplicationSupportsIndirectInputEvents = YES;
				INFOPLIST_KEY_UIBackgroundModes = "remote-notification";
				INFOPLIST_KEY_UILaunchScreen_Generation = YES;
				INFOPLIST_KEY_UISupportedInterfaceOrientations_iPad = "UIInterfaceOrientationPortrait UIInterfaceOrientationPortraitUpsideDown UIInterfaceOrientationLandscapeLeft UIInterfaceOrientationLandscapeRight";
				INFOPLIST_KEY_UISupportedInterfaceOrientations_iPhone = "UIInterfaceOrientationPortrait UIInterfaceOrientationLandscapeLeft UIInterfaceOrientationLandscapeRight";
				LD_RUNPATH_SEARCH_PATHS = (
					"$(inherited)",
					"@executable_path/Frameworks",
				);
				MARKETING_VERSION = 1.0;
				PRODUCT_BUNDLE_IDENTIFIER = "ic-servis.com.MealPrepAI";
				PRODUCT_NAME = "$(TARGET_NAME)";
				STRING_CATALOG_GENERATE_SYMBOLS = YES;
				SWIFT_EMIT_LOC_STRINGS = YES;
				SWIFT_VERSION = 5.0;
				TARGETED_DEVICE_FAMILY = "1,2";
			};
			name = Release;
		};
		EC90E6E62F1C34A7004BE865 /* Debug */ = {
			isa = XCBuildConfiguration;
			buildSettings = {
				BUNDLE_LOADER = "$(TEST_HOST)";
				CODE_SIGN_STYLE = Automatic;
				CURRENT_PROJECT_VERSION = 1;
				DEVELOPMENT_TEAM = PH3V9JYRDW;
				GENERATE_INFOPLIST_FILE = YES;
				IPHONEOS_DEPLOYMENT_TARGET = 26.0;
				MARKETING_VERSION = 1.0;
				PRODUCT_BUNDLE_IDENTIFIER = "ic-servis.com.MealPrepAITests";
				PRODUCT_NAME = "$(TARGET_NAME)";
				STRING_CATALOG_GENERATE_SYMBOLS = NO;
				SWIFT_EMIT_LOC_STRINGS = NO;
				SWIFT_VERSION = 5.0;
				TARGETED_DEVICE_FAMILY = "1,2";
				TEST_HOST = "$(BUILT_PRODUCTS_DIR)/MealPrepAI.app/$(BUNDLE_EXECUTABLE_FOLDER_PATH)/MealPrepAI";
			};
			name = Debug;
		};
		EC90E6E72F1C34A7004BE865 /* Release */ = {
			isa = XCBuildConfiguration;
			buildSettings = {
				BUNDLE_LOADER = "$(TEST_HOST)";
				CODE_SIGN_STYLE = Automatic;
				CURRENT_PROJECT_VERSION = 1;
				DEVELOPMENT_TEAM = PH3V9JYRDW;
				GENERATE_INFOPLIST_FILE = YES;
				IPHONEOS_DEPLOYMENT_TARGET = 26.0;
				MARKETING_VERSION = 1.0;
				PRODUCT_BUNDLE_IDENTIFIER = "ic-servis.com.MealPrepAITests";
				PRODUCT_NAME = "$(TARGET_NAME)";
				STRING_CATALOG_GENERATE_SYMBOLS = NO;
				SWIFT_EMIT_LOC_STRINGS = NO;
				SWIFT_VERSION = 5.0;
				TARGETED_DEVICE_FAMILY = "1,2";
				TEST_HOST = "$(BUILT_PRODUCTS_DIR)/MealPrepAI.app/$(BUNDLE_EXECUTABLE_FOLDER_PATH)/MealPrepAI";
			};
			name = Release;
		};
		EC90E6E92F1C34A7004BE865 /* Debug */ = {
			isa = XCBuildConfiguration;
			buildSettings = {
				CODE_SIGN_STYLE = Automatic;
				CURRENT_PROJECT_VERSION = 1;
				DEVELOPMENT_TEAM = PH3V9JYRDW;
				GENERATE_INFOPLIST_FILE = YES;
				MARKETING_VERSION = 1.0;
				PRODUCT_BUNDLE_IDENTIFIER = "ic-servis.com.MealPrepAIUITests";
				PRODUCT_NAME = "$(TARGET_NAME)";
				STRING_CATALOG_GENERATE_SYMBOLS = NO;
				SWIFT_EMIT_LOC_STRINGS = NO;
				SWIFT_VERSION = 5.0;
				TARGETED_DEVICE_FAMILY = "1,2";
				TEST_TARGET_NAME = MealPrepAI;
			};
			name = Debug;
		};
		EC90E6EA2F1C34A7004BE865 /* Release */ = {
			isa = XCBuildConfiguration;
			buildSettings = {
				CODE_SIGN_STYLE = Automatic;
				CURRENT_PROJECT_VERSION = 1;
				DEVELOPMENT_TEAM = PH3V9JYRDW;
				GENERATE_INFOPLIST_FILE = YES;
				MARKETING_VERSION = 1.0;
				PRODUCT_BUNDLE_IDENTIFIER = "ic-servis.com.MealPrepAIUITests";
				PRODUCT_NAME = "$(TARGET_NAME)";
				STRING_CATALOG_GENERATE_SYMBOLS = NO;
				SWIFT_EMIT_LOC_STRINGS = NO;
				SWIFT_VERSION = 5.0;
				TARGETED_DEVICE_FAMILY = "1,2";
				TEST_TARGET_NAME = MealPrepAI;
			};
			name = Release;
		};
/* End XCBuildConfiguration section */

/* Begin XCConfigurationList section */
		EC90E6BC2F1C34A5004BE865 /* Build configuration list for PBXProject "MealPrepAI" */ = {
			isa = XCConfigurationList;
			buildConfigurations = (
				EC90E6E02F1C34A7004BE865 /* Debug */,
				EC90E6E12F1C34A7004BE865 /* Release */,
			);
			defaultConfigurationIsVisible = 0;
			defaultConfigurationName = Release;
		};
		EC90E6E22F1C34A7004BE865 /* Build configuration list for PBXNativeTarget "MealPrepAI" */ = {
			isa = XCConfigurationList;
			buildConfigurations = (
				EC90E6E32F1C34A7004BE865 /* Debug */,
				EC90E6E42F1C34A7004BE865 /* Release */,
			);
			defaultConfigurationIsVisible = 0;
			defaultConfigurationName = Release;
		};
		EC90E6E52F1C34A7004BE865 /* Build configuration list for PBXNativeTarget "MealPrepAITests" */ = {
			isa = XCConfigurationList;
			buildConfigurations = (
				EC90E6E62F1C34A7004BE865 /* Debug */,
				EC90E6E72F1C34A7004BE865 /* Release */,
			);
			defaultConfigurationIsVisible = 0;
			defaultConfigurationName = Release;
		};
		EC90E6E82F1C34A7004BE865 /* Build configuration list for PBXNativeTarget "MealPrepAIUITests" */ = {
			isa = XCConfigurationList;
			buildConfigurations = (
				EC90E6E92F1C34A7004BE865 /* Debug */,
				EC90E6EA2F1C34A7004BE865 /* Release */,
			);
			defaultConfigurationIsVisible = 0;
			defaultConfigurationName = Release;
		};
/* End XCConfigurationList section */

/* Begin XCRemoteSwiftPackageReference section */
		EC0FEE572F23C61500159966 /* XCRemoteSwiftPackageReference "firebase-ios-sdk" */ = {
			isa = XCRemoteSwiftPackageReference;
			repositoryURL = "https://github.com/firebase/firebase-ios-sdk";
			requirement = {
				kind = upToNextMajorVersion;
				minimumVersion = 12.8.0;
			};
		};
		EC4D843E2F2A93A400A91514 /* XCRemoteSwiftPackageReference "Superwall-iOS" */ = {
			isa = XCRemoteSwiftPackageReference;
			repositoryURL = "https://github.com/superwall-me/Superwall-iOS";
			requirement = {
				kind = upToNextMajorVersion;
				minimumVersion = 4.12.9;
			};
		};
/* End XCRemoteSwiftPackageReference section */

/* Begin XCSwiftPackageProductDependency section */
		EC0FEE582F23C61500159966 /* FirebaseAI */ = {
			isa = XCSwiftPackageProductDependency;
			package = EC0FEE572F23C61500159966 /* XCRemoteSwiftPackageReference "firebase-ios-sdk" */;
			productName = FirebaseAI;
		};
		EC0FEE5A2F23C61500159966 /* FirebaseAILogic */ = {
			isa = XCSwiftPackageProductDependency;
			package = EC0FEE572F23C61500159966 /* XCRemoteSwiftPackageReference "firebase-ios-sdk" */;
			productName = FirebaseAILogic;
		};
		EC0FEE5C2F23C61500159966 /* FirebaseAnalytics */ = {
			isa = XCSwiftPackageProductDependency;
			package = EC0FEE572F23C61500159966 /* XCRemoteSwiftPackageReference "firebase-ios-sdk" */;
			productName = FirebaseAnalytics;
		};
		EC0FEE5E2F23C61500159966 /* FirebaseAnalyticsCore */ = {
			isa = XCSwiftPackageProductDependency;
			package = EC0FEE572F23C61500159966 /* XCRemoteSwiftPackageReference "firebase-ios-sdk" */;
			productName = FirebaseAnalyticsCore;
		};
		EC0FEE602F23C61500159966 /* FirebaseAnalyticsIdentitySupport */ = {
			isa = XCSwiftPackageProductDependency;
			package = EC0FEE572F23C61500159966 /* XCRemoteSwiftPackageReference "firebase-ios-sdk" */;
			productName = FirebaseAnalyticsIdentitySupport;
		};
		EC0FEE622F23C61500159966 /* FirebaseAuth */ = {
			isa = XCSwiftPackageProductDependency;
			package = EC0FEE572F23C61500159966 /* XCRemoteSwiftPackageReference "firebase-ios-sdk" */;
			productName = FirebaseAuth;
		};
		EC0FEE642F23C61500159966 /* FirebaseCore */ = {
			isa = XCSwiftPackageProductDependency;
			package = EC0FEE572F23C61500159966 /* XCRemoteSwiftPackageReference "firebase-ios-sdk" */;
			productName = FirebaseCore;
		};
		EC0FEE662F23C61500159966 /* FirebaseFirestore */ = {
			isa = XCSwiftPackageProductDependency;
			package = EC0FEE572F23C61500159966 /* XCRemoteSwiftPackageReference "firebase-ios-sdk" */;
			productName = FirebaseFirestore;
		};
		EC0FEE682F23C61500159966 /* FirebaseAppCheck */ = {
			isa = XCSwiftPackageProductDependency;
			package = EC0FEE572F23C61500159966 /* XCRemoteSwiftPackageReference "firebase-ios-sdk" */;
			productName = FirebaseAppCheck;
		};
		EC4D843F2F2A93A400A91514 /* SuperwallKit */ = {
			isa = XCSwiftPackageProductDependency;
			package = EC4D843E2F2A93A400A91514 /* XCRemoteSwiftPackageReference "Superwall-iOS" */;
			productName = SuperwallKit;
		};
/* End XCSwiftPackageProductDependency section */
	};
	rootObject = EC90E6B92F1C34A5004BE865 /* Project object */;
}
